
Microsoft Visual Studio Solution File, Format Version 12.00
# Visual Studio Version 16
VisualStudioVersion = 16.0.29728.190
MinimumVisualStudioVersion = 10.0.40219.1
Project("{FAE04EC0-301F-11D3-BF4B-00C04F79EFBC}") = "PyramidWord", "PyramidWord\PyramidWord.csproj", "{D033DADF-1CED-4FB1-A320-68B9BF4A9415}"
EndProject
Global
	GlobalSection(SolutionConfigurationPlatforms) = preSolution
		Debug|Any CPU = Debug|Any CPU
		Release|Any CPU = Release|Any CPU
	EndGlobalSection
	GlobalSection(ProjectConfigurationPlatforms) = postSolution
		{D033DADF-1CED-4FB1-A320-68B9BF4A9415}.Debug|Any CPU.ActiveCfg = Debug|Any CPU
		{D033DADF-1CED-4FB1-A320-68B9BF4A9415}.Debug|Any CPU.Build.0 = Debug|Any CPU
		{D033DADF-1CED-4FB1-A320-68B9BF4A9415}.Release|Any CPU.ActiveCfg = Release|Any CPU
		{D033DADF-1CED-4FB1-A320-68B9BF4A9415}.Release|Any CPU.Build.0 = Release|Any CPU
	EndGlobalSection
	GlobalSection(SolutionProperties) = preSolution
		HideSolutionNode = FALSE
	EndGlobalSection
	GlobalSection(ExtensibilityGlobals) = postSolution
		SolutionGuid = {BC3C6999-4194-44CC-A238-8BC365488E13}
	EndGlobalSection
EndGlobal
